
Microsoft Visual Studio Solution File, Format Version 12.00
# Visual Studio Version 17
VisualStudioVersion = 17.9.34728.123
MinimumVisualStudioVersion = 10.0.40219.1
Project("{FAE04EC0-301F-11D3-BF4B-00C04F79EFBC}") = "RunGroopWebApp", "RunGroopWebApp\RunGroopWebApp.csproj", "{605A5E1B-5FB9-4DF3-B6F2-74F577AD40F3}"
EndProject
Global
	GlobalSection(SolutionConfigurationPlatforms) = preSolution
		Debug|Any CPU = Debug|Any CPU
		Release|Any CPU = Release|Any CPU
	EndGlobalSection
	GlobalSection(ProjectConfigurationPlatforms) = postSolution
		{605A5E1B-5FB9-4DF3-B6F2-74F577AD40F3}.Debug|Any CPU.ActiveCfg = Debug|Any CPU
		{605A5E1B-5FB9-4DF3-B6F2-74F577AD40F3}.Debug|Any CPU.Build.0 = Debug|Any CPU
		{605A5E1B-5FB9-4DF3-B6F2-74F577AD40F3}.Release|Any CPU.ActiveCfg = Release|Any CPU
		{605A5E1B-5FB9-4DF3-B6F2-74F577AD40F3}.Release|Any CPU.Build.0 = Release|Any CPU
	EndGlobalSection
	GlobalSection(SolutionProperties) = preSolution
		HideSolutionNode = FALSE
	EndGlobalSection
	GlobalSection(ExtensibilityGlobals) = postSolution
		SolutionGuid = {05022D2B-C176-498C-A7F7-12008A119277}
	EndGlobalSection
EndGlobal
