
Microsoft Visual Studio Solution File, Format Version 12.00
# Visual Studio Version 17
VisualStudioVersion = 17.9.34728.123
MinimumVisualStudioVersion = 10.0.40219.1
Project("{FAE04EC0-301F-11D3-BF4B-00C04F79EFBC}") = "testRazor", "testRazor\testRazor.csproj", "{B6EC2872-768B-4532-B327-CD6B59AFDCE3}"
EndProject
Global
	GlobalSection(SolutionConfigurationPlatforms) = preSolution
		Debug|Any CPU = Debug|Any CPU
		Release|Any CPU = Release|Any CPU
	EndGlobalSection
	GlobalSection(ProjectConfigurationPlatforms) = postSolution
		{B6EC2872-768B-4532-B327-CD6B59AFDCE3}.Debug|Any CPU.ActiveCfg = Debug|Any CPU
		{B6EC2872-768B-4532-B327-CD6B59AFDCE3}.Debug|Any CPU.Build.0 = Debug|Any CPU
		{B6EC2872-768B-4532-B327-CD6B59AFDCE3}.Release|Any CPU.ActiveCfg = Release|Any CPU
		{B6EC2872-768B-4532-B327-CD6B59AFDCE3}.Release|Any CPU.Build.0 = Release|Any CPU
	EndGlobalSection
	GlobalSection(SolutionProperties) = preSolution
		HideSolutionNode = FALSE
	EndGlobalSection
	GlobalSection(ExtensibilityGlobals) = postSolution
		SolutionGuid = {CBD43120-045C-4DC7-8E2B-DA8BD27D9FAB}
	EndGlobalSection
EndGlobal
